{
  "name": "effortdex",
  "lockfileVersion": 3,
  "requires": true,
  "packages": {
    "": {
      "name": "effortdex",
      "devDependencies": {
        "typescript": "^5.9.3",
        "uuidv7": "^1.2.1"
      }
    },
    "node_modules/typescript": {
      "version": "5.9.3",
      "resolved": "https://registry.npmjs.org/typescript/-/typescript-5.9.3.tgz",
      "integrity": "sha512-jl1vZzPDinLr9eUt3J/t7V6FgNEw9QjvBPdysz9KfQDD41fQrC2Y4vKQdiaUpFT4bXlb1RHhLpp8wtm6M5TgSw==",
      "dev": true,
      "license": "Apache-2.0",
      "bin": {
        "tsc": "bin/tsc",
        "tsserver": "bin/tsserver"
      },
      "engines": {
        "node": ">=14.17"
      }
    },
    "node_modules/uuidv7": {
      "version": "1.2.1",
      "resolved": "https://registry.npmjs.org/uuidv7/-/uuidv7-1.2.1.tgz",
      "integrity": "sha512-4kPkK3/XTQW9Hbm4CaqfICn+kY9LJtDVEOfgsRRra/+n2Ofg4NqzRFceAkxvQ/Ud/6BpHOPzj8cirqM7TzTN5Q==",
      "dev": true,
      "license": "Apache-2.0",
      "bin": {
        "uuidv7": "cli.js"
      }
    }
  }
}
